[[package]]
name = "asyncio"
version = "3.4.3"
description = "reference implementation of PEP 3156"
category = "main"
optional = false
python-versions = "*"

[[package]]
name = "cflib"
version = "0.1.20.1"
description = "Crazyflie python driver"
category = "main"
optional = false
python-versions = "*"

[package.dependencies]
libusb-package = ">=1.0,<2.0"
numpy = ">=1.20,<1.25"
pyusb = ">=1.0.0b2"
scipy = ">=1.7,<2.0"

[package.extras]
dev = ["pre-commit"]

[[package]]
name = "colorama"
version = "0.4.5"
description = "Cross-platform colored terminal text."
category = "main"
optional = false
python-versions = ">=2.7, !=3.0.*, !=3.1.*, !=3.2.*, !=3.3.*, !=3.4.*"

[[package]]
name = "libusb-package"
version = "1.0.26.0"
description = "Package containing libusb so it can be installed via Python package managers"
category = "main"
optional = false
python-versions = ">=3.6"

[[package]]
name = "loguru"
version = "0.6.0"
description = "Python logging made (stupidly) simple"
category = "main"
optional = false
python-versions = ">=3.5"

[package.dependencies]
colorama = {version = ">=0.3.4", markers = "sys_platform == \"win32\""}
win32-setctime = {version = ">=1.0.0", markers = "sys_platform == \"win32\""}

[package.extras]
dev = ["sphinx-rtd-theme (>=0.4.3)", "sphinx-autobuild (>=0.7.1)", "Sphinx (>=4.1.1)", "isort (>=5.1.1)", "black (>=19.10b0)", "pytest-cov (>=2.7.1)", "pytest (>=4.6.2)", "tox (>=3.9.0)", "flake8 (>=3.7.7)", "docutils (==0.16)", "colorama (>=0.3.4)"]

[[package]]
name = "numpy"
version = "1.23.4"
description = "NumPy is the fundamental package for array computing with Python."
category = "main"
optional = false
python-versions = ">=3.8"

[[package]]
name = "pandas"
version = "1.5.1"
description = "Powerful data structures for data analysis, time series, and statistics"
category = "main"
optional = false
python-versions = ">=3.8"

[package.dependencies]
numpy = [
    {version = ">=1.21.0", markers = "python_version >= \"3.10\""},
    {version = ">=1.20.3", markers = "python_version < \"3.10\""},
]
python-dateutil = ">=2.8.1"
pytz = ">=2020.1"

[package.extras]
test = ["pytest-xdist (>=1.31)", "pytest (>=6.0)", "hypothesis (>=5.5.3)"]

[[package]]
name = "pluggy"
version = "1.0.0"
description = "plugin and hook calling mechanisms for python"
category = "main"
optional = false
python-versions = ">=3.6"

[package.extras]
testing = ["pytest-benchmark", "pytest"]
dev = ["tox", "pre-commit"]

[[package]]
name = "python-dateutil"
version = "2.8.2"
description = "Extensions to the standard Python datetime module"
category = "main"
optional = false
python-versions = "!=3.0.*,!=3.1.*,!=3.2.*,>=2.7"

[package.dependencies]
six = ">=1.5"

[[package]]
name = "pytz"
version = "2022.5"
description = "World timezone definitions, modern and historical"
category = "main"
optional = false
python-versions = "*"

[[package]]
name = "pyusb"
version = "1.2.1"
description = "Python USB access module"
category = "main"
optional = false
python-versions = ">=3.6.0"

[[package]]
name = "scipy"
version = "1.9.3"
description = "Fundamental algorithms for scientific computing in Python"
category = "main"
optional = false
python-versions = ">=3.8"

[package.dependencies]
numpy = ">=1.18.5,<1.26.0"

[package.extras]
test = ["pytest", "pytest-cov", "pytest-xdist", "asv", "mpmath", "gmpy2", "threadpoolctl", "scikit-umfpack"]
doc = ["sphinx (!=4.1.0)", "pydata-sphinx-theme (==0.9.0)", "sphinx-panels (>=0.5.2)", "matplotlib (>2)", "numpydoc", "sphinx-tabs"]
dev = ["mypy", "typing-extensions", "pycodestyle", "flake8"]

[[package]]
name = "six"
version = "1.16.0"
description = "Python 2 and 3 compatibility utilities"
category = "main"
optional = false
python-versions = ">=2.7, !=3.0.*, !=3.1.*, !=3.2.*"

[[package]]
name = "toml"
version = "0.10.2"
description = "Python Library for Tom's Obvious, Minimal Language"
category = "main"
optional = false
python-versions = ">=2.6, !=3.0.*, !=3.1.*, !=3.2.*"

[[package]]
name = "win32-setctime"
version = "1.1.0"
description = "A small Python utility to set file creation time on Windows"
category = "main"
optional = false
python-versions = ">=3.5"

[package.extras]
dev = ["black (>=19.3b0)", "pytest (>=4.6.2)"]

[metadata]
lock-version = "1.1"
python-versions = "^3.9"
content-hash = "12362952cdc35dddc1d6eae11f03c798e6d5c68c1a202947157525f3e39d0bcf"

[metadata.files]
asyncio = [
    {file = "asyncio-3.4.3-cp33-none-win32.whl", hash = "sha256:b62c9157d36187eca799c378e572c969f0da87cd5fc42ca372d92cdb06e7e1de"},
    {file = "asyncio-3.4.3-cp33-none-win_amd64.whl", hash = "sha256:c46a87b48213d7464f22d9a497b9eef8c1928b68320a2fa94240f969f6fec08c"},
    {file = "asyncio-3.4.3-py3-none-any.whl", hash = "sha256:c4d18b22701821de07bd6aea8b53d21449ec0ec5680645e5317062ea21817d2d"},
    {file = "asyncio-3.4.3.tar.gz", hash = "sha256:83360ff8bc97980e4ff25c964c7bd3923d333d177aa4f7fb736b019f26c7cb41"},
]
cflib = [
    {file = "cflib-0.1.20.1-py2.py3-none-any.whl", hash = "sha256:ffe733ee99a8b13912fbf74b33b1c41e86d0867c691f0072bef66074823331d7"},
    {file = "cflib-0.1.20.1.tar.gz", hash = "sha256:92ef85aa7f701ed2bcb3c1deb61018eea39f8ac2675ed63c35860882259e14e1"},
]
colorama = [
    {file = "colorama-0.4.5-py2.py3-none-any.whl", hash = "sha256:854bf444933e37f5824ae7bfc1e98d5bce2ebe4160d46b5edf346a89358e99da"},
    {file = "colorama-0.4.5.tar.gz", hash = "sha256:e6c6b4334fc50988a639d9b98aa429a0b57da6e17b9a44f0451f930b6967b7a4"},
]
libusb-package = [
    {file = "libusb-package-1.0.26.0.tar.gz", hash = "sha256:c1c811b65301a154c8bb43a3ad66ee4a1daaff513d83eb75dfaee1f0e0998548"},
    {file = "libusb_package-1.0.26.0-cp310-cp310-macosx_10_9_x86_64.whl", hash = "sha256:a9b599172945a25455514a597d7766802e6eb83fde56b7ed9e49cda20c895511"},
    {file = "libusb_package-1.0.26.0-cp310-cp310-macosx_11_0_arm64.whl", hash = "sha256:521445187eded288467a29f88b126003797292948d1b48d2093c76f0d2f1a36a"},
    {file = "libusb_package-1.0.26.0-cp310-cp310-manylinux_2_12_i686.manylinux2010_i686.whl", hash = "sha256:0740a40fa466d2cb2a6676e98816189b6086e37e7560f9da58d84b13245e4036"},
    {file = "libusb_package-1.0.26.0-cp310-cp310-manylinux_2_12_x86_64.manylinux2010_x86_64.whl", hash = "sha256:4910c3e18918810bd2fcdeacdf40177f02a8422d9467f9122bf5b582bdb4ca4d"},
    {file = "libusb_package-1.0.26.0-cp310-cp310-manylinux_2_17_aarch64.manylinux2014_aarch64.whl", hash = "sha256:008badc53b211de3baee4be60799467817a51b173bd0f332a910170245cbcba1"},
    {file = "libusb_package-1.0.26.0-cp310-cp310-musllinux_1_1_aarch64.whl", hash = "sha256:0c63ad9aa7f739e2832957d48fcd5d35e9764cf4678ac53d8b627c973856c2b1"},
    {file = "libusb_package-1.0.26.0-cp310-cp310-musllinux_1_1_i686.whl", hash = "sha256:7f2487625b7e316626201ccc8e7d231a81ed10fafc26ffb3a5c48039be19af4d"},
    {file = "libusb_package-1.0.26.0-cp310-cp310-musllinux_1_1_x86_64.whl", hash = "sha256:c7b8d069e63f15d1332ff076cbbcf1bc3c8017ba23e944eace5f8c41b6149d08"},
    {file = "libusb_package-1.0.26.0-cp310-cp310-win32.whl", hash = "sha256:8134e6057067c74f60bf0a80a26c8c5e9dab2b4bb027a6113fd5a21637113d0c"},
    {file = "libusb_package-1.0.26.0-cp310-cp310-win_amd64.whl", hash = "sha256:9e1cd6776d4517c8e829c7f030a4fa343c2ae6a5ab3aa238e9221527f8817f2a"},
    {file = "libusb_package-1.0.26.0-cp36-cp36m-macosx_10_9_x86_64.whl", hash = "sha256:84d290e05d2e095fcddec6f42cfd9fda105848738f7a3fcbbfd30e13baeb097e"},
    {file = "libusb_package-1.0.26.0-cp36-cp36m-manylinux_2_12_i686.manylinux2010_i686.whl", hash = "sha256:b6d283072931f07f943a85f2bf1476d9eb51d7b40ab4981347b96a094c8a35a1"},
    {file = "libusb_package-1.0.26.0-cp36-cp36m-manylinux_2_12_x86_64.manylinux2010_x86_64.whl", hash = "sha256:91334a6841faf536907c6d31152536ecfda919d1638a8a9055814e3b9798a90d"},
    {file = "libusb_package-1.0.26.0-cp36-cp36m-manylinux_2_17_aarch64.manylinux2014_aarch64.whl", hash = "sha256:dfb636ee8a12ed2962247d6e6231d0a72d7410c86ffaca58b66638d030849c2f"},
    {file = "libusb_package-1.0.26.0-cp36-cp36m-musllinux_1_1_aarch64.whl", hash = "sha256:2fee05287e6ac7966f9224b0c864e1b7bcae9b936d13c07a6f8587a8458ec8ee"},
    {file = "libusb_package-1.0.26.0-cp36-cp36m-musllinux_1_1_i686.whl", hash = "sha256:3c4e28456deec03c5b676fa2b2711416a623ad7170cf88540f546be6ae64d05b"},
    {file = "libusb_package-1.0.26.0-cp36-cp36m-musllinux_1_1_x86_64.whl", hash = "sha256:cf187dd7e76d3742f258d6e49be42f110c9ef10f39a780db3bee98aadcece7d1"},
    {file = "libusb_package-1.0.26.0-cp36-cp36m-win32.whl", hash = "sha256:f63e826ed12a6efda962be5f91efa3100f105d40c7a3061fff21633a4d43ae19"},
    {file = "libusb_package-1.0.26.0-cp36-cp36m-win_amd64.whl", hash = "sha256:9630bc85d4f1772d925b1f47f1869e5b8ad582873a1bbd30ac16157932b7ec17"},
    {file = "libusb_package-1.0.26.0-cp37-cp37m-macosx_10_9_x86_64.whl", hash = "sha256:af5aa231c220ceb08b0e9a1bf060045dca88ee499d920deeaf89dfc5ac7a60b6"},
    {file = "libusb_package-1.0.26.0-cp37-cp37m-manylinux_2_12_i686.manylinux2010_i686.whl", hash = "sha256:f09daa4f7b4014511a38bded16d72e8e98e6cfae50114e362243d881795331e3"},
    {file = "libusb_package-1.0.26.0-cp37-cp37m-manylinux_2_12_x86_64.manylinux2010_x86_64.whl", hash = "sha256:94a1c792d20133e5d8652cf7de7277acba2664d37ac6d3df8a9cff2d779c686b"},
    {file = "libusb_package-1.0.26.0-cp37-cp37m-manylinux_2_17_aarch64.manylinux2014_aarch64.whl", hash = "sha256:0eaeaef8417e32061ce0f07be21b67b3e88026cf3888ea716aa6c6bd007455f3"},
    {file = "libusb_package-1.0.26.0-cp37-cp37m-musllinux_1_1_aarch64.whl", hash = "sha256:b7dce1f3924ff6594ae17eb46903a170582fca23ca1c4c177cc3547a12a8ad78"},
    {file = "libusb_package-1.0.26.0-cp37-cp37m-musllinux_1_1_i686.whl", hash = "sha256:29db48d91b1b8ed147c78531c91b4f510b9fcd66f4a2df4eb0caa7570d408c9f"},
    {file = "libusb_package-1.0.26.0-cp37-cp37m-musllinux_1_1_x86_64.whl", hash = "sha256:3931f7cf77fa09af6760a4bf4fe5cb564a5b37166bfaf92558ab6137c29851dc"},
    {file = "libusb_package-1.0.26.0-cp37-cp37m-win32.whl", hash = "sha256:4c61b4f1942494db174c1ddd2d9441e8bca819355b1f2aac4c50a579d5fa1658"},
    {file = "libusb_package-1.0.26.0-cp37-cp37m-win_amd64.whl", hash = "sha256:1c1e9e700e90de91f07b0d5fd963403908b51bc233383de0c60cff4169a0b3c4"},
    {file = "libusb_package-1.0.26.0-cp38-cp38-macosx_10_9_x86_64.whl", hash = "sha256:ed289d92dfda082f216c57769d3de86ccf7b97eac9f001e6726cb776f5a1dae2"},
    {file = "libusb_package-1.0.26.0-cp38-cp38-macosx_11_0_arm64.whl", hash = "sha256:b453cd90696f871b25681449b91577afc321d3e2d4678bf06f73e9e4be82b384"},
    {file = "libusb_package-1.0.26.0-cp38-cp38-manylinux_2_12_i686.manylinux2010_i686.whl", hash = "sha256:0f09152c00478d9d2ba07c0196ad6d21bee7aa65f9a6cc611b46b2659a830a9b"},
    {file = "libusb_package-1.0.26.0-cp38-cp38-manylinux_2_12_x86_64.manylinux2010_x86_64.whl", hash = "sha256:3690428ed37b7f6962c58225e8f97efb07840b83230753853c5151d44f6b9f38"},
    {file = "libusb_package-1.0.26.0-cp38-cp38-manylinux_2_17_aarch64.manylinux2014_aarch64.whl", hash = "sha256:66f5a26feec0da894ed2054c21ac8510b7be5ec2adef414ecf1096b8e6d6f616"},
    {file = "libusb_package-1.0.26.0-cp38-cp38-musllinux_1_1_aarch64.whl", hash = "sha256:a316ce31f8bf6a4d230bd65f32c1e05a1d34d86bb0e911bc70b39a6b48f2227f"},
    {file = "libusb_package-1.0.26.0-cp38-cp38-musllinux_1_1_i686.whl", hash = "sha256:55535a75d71dbf2c1824dd04e3f1490c6f5bdcd4cb9d820e9bf69a65e293d6c3"},
    {file = "libusb_package-1.0.26.0-cp38-cp38-musllinux_1_1_x86_64.whl", hash = "sha256:0a74a0e2cd8ee60255ef161b16ef7f9aac296f02f9f6c6a8b8e2c456bb2199b9"},
    {file = "libusb_package-1.0.26.0-cp38-cp38-win32.whl", hash = "sha256:e8e83b67dba87e1dbc0b0d7646748b9a714be227fcdbe18224579518396ffa22"},
    {file = "libusb_package-1.0.26.0-cp38-cp38-win_amd64.whl", hash = "sha256:62a805c2a6c76f76caf443c225bb824daded3dc60afd79aa20677471a73bb383"},
    {file = "libusb_package-1.0.26.0-cp39-cp39-macosx_10_9_x86_64.whl", hash = "sha256:47feaa41a47f3c6a415b455d9ab69aeb1d9939fa71efbcad9e4fb6f95fc78773"},
    {file = "libusb_package-1.0.26.0-cp39-cp39-macosx_11_0_arm64.whl", hash = "sha256:ed80e314e3f4d35d8f195fb25698916c664eec6fd270ff0025f67d234f0464a9"},
    {file = "libusb_package-1.0.26.0-cp39-cp39-manylinux_2_12_i686.manylinux2010_i686.whl", hash = "sha256:64e0f1219ffc5ef07543a896f0a9330509b7227a385a204ddcdbcc6367749bba"},
    {file = "libusb_package-1.0.26.0-cp39-cp39-manylinux_2_12_x86_64.manylinux2010_x86_64.whl", hash = "sha256:3567198e1bc583503115237056e28c248513d403a6afa852ee574694d5227cf7"},
    {file = "libusb_package-1.0.26.0-cp39-cp39-manylinux_2_17_aarch64.manylinux2014_aarch64.whl", hash = "sha256:a701d46416e52008736e8af5e16e0a014d4b6087e07a52be587d600988959275"},
    {file = "libusb_package-1.0.26.0-cp39-cp39-musllinux_1_1_aarch64.whl", hash = "sha256:f6f744bbc8f396856771e41f3f48498e61c7e27cca4261a5fe2789f7725240bf"},
    {file = "libusb_package-1.0.26.0-cp39-cp39-musllinux_1_1_i686.whl", hash = "sha256:4fabf8a849153f22b94c0ab4b46cbf9d23b611bc669894e95de6cc740e0a2d38"},
    {file = "libusb_package-1.0.26.0-cp39-cp39-musllinux_1_1_x86_64.whl", hash = "sha256:002b3cd220c68f184802e8f11a6c9cc465b6a09207ad2d4e121a90ce1ebbbd93"},
    {file = "libusb_package-1.0.26.0-cp39-cp39-win32.whl", hash = "sha256:95f1ca25c3a0f010e6c8285f3000d92e68c1f364fccf63fb5891d62bfae7acd6"},
    {file = "libusb_package-1.0.26.0-cp39-cp39-win_amd64.whl", hash = "sha256:8483798c1eaa522ce1163d1d474da420adc86a7c70e6989ca269d39d4681e48c"},
    {file = "libusb_package-1.0.26.0-pp37-pypy37_pp73-macosx_10_9_x86_64.whl", hash = "sha256:b797309860540fccb3a028bcf40add7a16a74bac1ea09be018ccf341601f44b3"},
    {file = "libusb_package-1.0.26.0-pp37-pypy37_pp73-manylinux_2_12_i686.manylinux2010_i686.whl", hash = "sha256:41299f2492ec7c2edcc4c907599b4fe91614d5cbfb09014567abd585e482732d"},
    {file = "libusb_package-1.0.26.0-pp37-pypy37_pp73-manylinux_2_12_x86_64.manylinux2010_x86_64.whl", hash = "sha256:6f71336e6ccce4f84ed591d8db9fce87a479946844206243f81ed9b5aa755ae7"},
    {file = "libusb_package-1.0.26.0-pp37-pypy37_pp73-manylinux_2_17_aarch64.manylinux2014_aarch64.whl", hash = "sha256:b1a85dc2a9be28a95df713d63b3fea6b1b071016539c36a2aba98303d60ce03f"},
    {file = "libusb_package-1.0.26.0-pp37-pypy37_pp73-win_amd64.whl", hash = "sha256:e2912abdebb02345ac363deb8223d7d780bb9442288f00ea900309f9d28dac40"},
]
loguru = [
    {file = "loguru-0.6.0-py3-none-any.whl", hash = "sha256:4e2414d534a2ab57573365b3e6d0234dfb1d84b68b7f3b948e6fb743860a77c3"},
    {file = "loguru-0.6.0.tar.gz", hash = "sha256:066bd06758d0a513e9836fd9c6b5a75bfb3fd36841f4b996bc60b547a309d41c"},
]
numpy = [
    {file = "numpy-1.23.4-cp310-cp310-macosx_10_9_x86_64.whl", hash = "sha256:95d79ada05005f6f4f337d3bb9de8a7774f259341c70bc88047a1f7b96a4bcb2"},
    {file = "numpy-1.23.4-cp310-cp310-macosx_11_0_arm64.whl", hash = "sha256:926db372bc4ac1edf81cfb6c59e2a881606b409ddc0d0920b988174b2e2a767f"},
    {file = "numpy-1.23.4-cp310-cp310-manylinux_2_17_aarch64.manylinux2014_aarch64.whl", hash = "sha256:c237129f0e732885c9a6076a537e974160482eab8f10db6292e92154d4c67d71"},
    {file = "numpy-1.23.4-cp310-cp310-manylinux_2_17_x86_64.manylinux2014_x86_64.whl", hash = "sha256:a8365b942f9c1a7d0f0dc974747d99dd0a0cdfc5949a33119caf05cb314682d3"},
    {file = "numpy-1.23.4-cp310-cp310-win32.whl", hash = "sha256:2341f4ab6dba0834b685cce16dad5f9b6606ea8a00e6da154f5dbded70fdc4dd"},
    {file = "numpy-1.23.4-cp310-cp310-win_amd64.whl", hash = "sha256:d331afac87c92373826af83d2b2b435f57b17a5c74e6268b79355b970626e329"},
    {file = "numpy-1.23.4-cp311-cp311-macosx_10_9_x86_64.whl", hash = "sha256:488a66cb667359534bc70028d653ba1cf307bae88eab5929cd707c761ff037db"},
    {file = "numpy-1.23.4-cp311-cp311-macosx_11_0_arm64.whl", hash = "sha256:ce03305dd694c4873b9429274fd41fc7eb4e0e4dea07e0af97a933b079a5814f"},
    {file = "numpy-1.23.4-cp311-cp311-manylinux_2_17_aarch64.manylinux2014_aarch64.whl", hash = "sha256:8981d9b5619569899666170c7c9748920f4a5005bf79c72c07d08c8a035757b0"},
    {file = "numpy-1.23.4-cp311-cp311-manylinux_2_17_x86_64.manylinux2014_x86_64.whl", hash = "sha256:7a70a7d3ce4c0e9284e92285cba91a4a3f5214d87ee0e95928f3614a256a1488"},
    {file = "numpy-1.23.4-cp311-cp311-win32.whl", hash = "sha256:5e13030f8793e9ee42f9c7d5777465a560eb78fa7e11b1c053427f2ccab90c79"},
    {file = "numpy-1.23.4-cp311-cp311-win_amd64.whl", hash = "sha256:7607b598217745cc40f751da38ffd03512d33ec06f3523fb0b5f82e09f6f676d"},
    {file = "numpy-1.23.4-cp38-cp38-macosx_10_9_x86_64.whl", hash = "sha256:7ab46e4e7ec63c8a5e6dbf5c1b9e1c92ba23a7ebecc86c336cb7bf3bd2fb10e5"},
    {file = "numpy-1.23.4-cp38-cp38-macosx_11_0_arm64.whl", hash = "sha256:a8aae2fb3180940011b4862b2dd3756616841c53db9734b27bb93813cd79fce6"},
    {file = "numpy-1.23.4-cp38-cp38-manylinux_2_17_aarch64.manylinux2014_aarch64.whl", hash = "sha256:8c053d7557a8f022ec823196d242464b6955a7e7e5015b719e76003f63f82d0f"},
    {file = "numpy-1.23.4-cp38-cp38-manylinux_2_17_x86_64.manylinux2014_x86_64.whl", hash = "sha256:a0882323e0ca4245eb0a3d0a74f88ce581cc33aedcfa396e415e5bba7bf05f68"},
    {file = "numpy-1.23.4-cp38-cp38-win32.whl", hash = "sha256:dada341ebb79619fe00a291185bba370c9803b1e1d7051610e01ed809ef3a4ba"},
    {file = "numpy-1.23.4-cp38-cp38-win_amd64.whl", hash = "sha256:0fe563fc8ed9dc4474cbf70742673fc4391d70f4363f917599a7fa99f042d5a8"},
    {file = "numpy-1.23.4-cp39-cp39-macosx_10_9_x86_64.whl", hash = "sha256:c67b833dbccefe97cdd3f52798d430b9d3430396af7cdb2a0c32954c3ef73894"},
    {file = "numpy-1.23.4-cp39-cp39-macosx_11_0_arm64.whl", hash = "sha256:f76025acc8e2114bb664294a07ede0727aa75d63a06d2fae96bf29a81747e4a7"},
    {file = "numpy-1.23.4-cp39-cp39-manylinux_2_17_aarch64.manylinux2014_aarch64.whl", hash = "sha256:12ac457b63ec8ded85d85c1e17d85efd3c2b0967ca39560b307a35a6703a4735"},
    {file = "numpy-1.23.4-cp39-cp39-manylinux_2_17_x86_64.manylinux2014_x86_64.whl", hash = "sha256:95de7dc7dc47a312f6feddd3da2500826defdccbc41608d0031276a24181a2c0"},
    {file = "numpy-1.23.4-cp39-cp39-win32.whl", hash = "sha256:f2f390aa4da44454db40a1f0201401f9036e8d578a25f01a6e237cea238337ef"},
    {file = "numpy-1.23.4-cp39-cp39-win_amd64.whl", hash = "sha256:f260da502d7441a45695199b4e7fd8ca87db659ba1c78f2bbf31f934fe76ae0e"},
    {file = "numpy-1.23.4-pp38-pypy38_pp73-macosx_10_9_x86_64.whl", hash = "sha256:61be02e3bf810b60ab74e81d6d0d36246dbfb644a462458bb53b595791251911"},
    {file = "numpy-1.23.4-pp38-pypy38_pp73-manylinux_2_17_x86_64.manylinux2014_x86_64.whl", hash = "sha256:296d17aed51161dbad3c67ed6d164e51fcd18dbcd5dd4f9d0a9c6055dce30810"},
    {file = "numpy-1.23.4-pp38-pypy38_pp73-win_amd64.whl", hash = "sha256:4d52914c88b4930dafb6c48ba5115a96cbab40f45740239d9f4159c4ba779962"},
    {file = "numpy-1.23.4.tar.gz", hash = "sha256:ed2cc92af0efad20198638c69bb0fc2870a58dabfba6eb722c933b48556c686c"},
]
pandas = [
    {file = "pandas-1.5.1-cp310-cp310-macosx_10_9_universal2.whl", hash = "sha256:0a78e05ec09731c5b3bd7a9805927ea631fe6f6cb06f0e7c63191a9a778d52b4"},
    {file = "pandas-1.5.1-cp310-cp310-macosx_10_9_x86_64.whl", hash = "sha256:5b0c970e2215572197b42f1cff58a908d734503ea54b326412c70d4692256391"},
    {file = "pandas-1.5.1-cp310-cp310-macosx_11_0_arm64.whl", hash = "sha256:f340331a3f411910adfb4bbe46c2ed5872d9e473a783d7f14ecf49bc0869c594"},
    {file = "pandas-1.5.1-cp310-cp310-manylinux_2_17_aarch64.manylinux2014_aarch64.whl", hash = "sha256:d8c709f4700573deb2036d240d140934df7e852520f4a584b2a8d5443b71f54d"},
    {file = "pandas-1.5.1-cp310-cp310-manylinux_2_17_x86_64.manylinux2014_x86_64.whl", hash = "sha256:32e3d9f65606b3f6e76555bfd1d0b68d94aff0929d82010b791b6254bf5a4b96"},
    {file = "pandas-1.5.1-cp310-cp310-win_amd64.whl", hash = "sha256:a52419d9ba5906db516109660b114faf791136c94c1a636ed6b29cbfff9187ee"},
    {file = "pandas-1.5.1-cp311-cp311-macosx_10_9_universal2.whl", hash = "sha256:66a1ad667b56e679e06ba73bb88c7309b3f48a4c279bd3afea29f65a766e9036"},
    {file = "pandas-1.5.1-cp311-cp311-macosx_10_9_x86_64.whl", hash = "sha256:36aa1f8f680d7584e9b572c3203b20d22d697c31b71189322f16811d4ecfecd3"},
    {file = "pandas-1.5.1-cp311-cp311-macosx_11_0_arm64.whl", hash = "sha256:bcf1a82b770b8f8c1e495b19a20d8296f875a796c4fe6e91da5ef107f18c5ecb"},
    {file = "pandas-1.5.1-cp311-cp311-manylinux_2_17_aarch64.manylinux2014_aarch64.whl", hash = "sha256:2c25e5c16ee5c0feb6cf9d982b869eec94a22ddfda9aa2fbed00842cbb697624"},
    {file = "pandas-1.5.1-cp311-cp311-manylinux_2_17_x86_64.manylinux2014_x86_64.whl", hash = "sha256:932d2d7d3cab44cfa275601c982f30c2d874722ef6396bb539e41e4dc4618ed4"},
    {file = "pandas-1.5.1-cp311-cp311-win_amd64.whl", hash = "sha256:eb7e8cf2cf11a2580088009b43de84cabbf6f5dae94ceb489f28dba01a17cb77"},
    {file = "pandas-1.5.1-cp38-cp38-macosx_10_9_universal2.whl", hash = "sha256:cb2a9cf1150302d69bb99861c5cddc9c25aceacb0a4ef5299785d0f5389a3209"},
    {file = "pandas-1.5.1-cp38-cp38-macosx_10_9_x86_64.whl", hash = "sha256:81f0674fa50b38b6793cd84fae5d67f58f74c2d974d2cb4e476d26eee33343d0"},
    {file = "pandas-1.5.1-cp38-cp38-macosx_11_0_arm64.whl", hash = "sha256:17da7035d9e6f9ea9cdc3a513161f8739b8f8489d31dc932bc5a29a27243f93d"},
    {file = "pandas-1.5.1-cp38-cp38-manylinux_2_17_aarch64.manylinux2014_aarch64.whl", hash = "sha256:669c8605dba6c798c1863157aefde959c1796671ffb342b80fcb80a4c0bc4c26"},
    {file = "pandas-1.5.1-cp38-cp38-manylinux_2_17_x86_64.manylinux2014_x86_64.whl", hash = "sha256:683779e5728ac9138406c59a11e09cd98c7d2c12f0a5fc2b9c5eecdbb4a00075"},
    {file = "pandas-1.5.1-cp38-cp38-win32.whl", hash = "sha256:ddf46b940ef815af4e542697eaf071f0531449407a7607dd731bf23d156e20a7"},
    {file = "pandas-1.5.1-cp38-cp38-win_amd64.whl", hash = "sha256:db45b94885000981522fb92349e6b76f5aee0924cc5315881239c7859883117d"},
    {file = "pandas-1.5.1-cp39-cp39-macosx_10_9_universal2.whl", hash = "sha256:927e59c694e039c75d7023465d311277a1fc29ed7236b5746e9dddf180393113"},
    {file = "pandas-1.5.1-cp39-cp39-macosx_10_9_x86_64.whl", hash = "sha256:e675f8fe9aa6c418dc8d3aac0087b5294c1a4527f1eacf9fe5ea671685285454"},
    {file = "pandas-1.5.1-cp39-cp39-macosx_11_0_arm64.whl", hash = "sha256:04e51b01d5192499390c0015630975f57836cc95c7411415b499b599b05c0c96"},
    {file = "pandas-1.5.1-cp39-cp39-manylinux_2_17_aarch64.manylinux2014_aarch64.whl", hash = "sha256:5cee0c74e93ed4f9d39007e439debcaadc519d7ea5c0afc3d590a3a7b2edf060"},
    {file = "pandas-1.5.1-cp39-cp39-manylinux_2_17_x86_64.manylinux2014_x86_64.whl", hash = "sha256:b156a971bc451c68c9e1f97567c94fd44155f073e3bceb1b0d195fd98ed12048"},
    {file = "pandas-1.5.1-cp39-cp39-win32.whl", hash = "sha256:05c527c64ee02a47a24031c880ee0ded05af0623163494173204c5b72ddce658"},
    {file = "pandas-1.5.1-cp39-cp39-win_amd64.whl", hash = "sha256:6bb391659a747cf4f181a227c3e64b6d197100d53da98dcd766cc158bdd9ec68"},
    {file = "pandas-1.5.1.tar.gz", hash = "sha256:249cec5f2a5b22096440bd85c33106b6102e0672204abd2d5c014106459804ee"},
]
pluggy = [
    {file = "pluggy-1.0.0-py2.py3-none-any.whl", hash = "sha256:74134bbf457f031a36d68416e1509f34bd5ccc019f0bcc952c7b909d06b37bd3"},
    {file = "pluggy-1.0.0.tar.gz", hash = "sha256:4224373bacce55f955a878bf9cfa763c1e360858e330072059e10bad68531159"},
]
python-dateutil = [
    {file = "python-dateutil-2.8.2.tar.gz", hash = "sha256:0123cacc1627ae19ddf3c27a5de5bd67ee4586fbdd6440d9748f8abb483d3e86"},
    {file = "python_dateutil-2.8.2-py2.py3-none-any.whl", hash = "sha256:961d03dc3453ebbc59dbdea9e4e11c5651520a876d0f4db161e8674aae935da9"},
]
pytz = [
    {file = "pytz-2022.5-py2.py3-none-any.whl", hash = "sha256:335ab46900b1465e714b4fda4963d87363264eb662aab5e65da039c25f1f5b22"},
    {file = "pytz-2022.5.tar.gz", hash = "sha256:c4d88f472f54d615e9cd582a5004d1e5f624854a6a27a6211591c251f22a6914"},
]
pyusb = [
    {file = "pyusb-1.2.1-py3-none-any.whl", hash = "sha256:2b4c7cb86dbadf044dfb9d3a4ff69fd217013dbe78a792177a3feb172449ea36"},
    {file = "pyusb-1.2.1.tar.gz", hash = "sha256:a4cc7404a203144754164b8b40994e2849fde1cfff06b08492f12fff9d9de7b9"},
]
scipy = [
    {file = "scipy-1.9.3-cp310-cp310-macosx_10_9_x86_64.whl", hash = "sha256:1884b66a54887e21addf9c16fb588720a8309a57b2e258ae1c7986d4444d3bc0"},
    {file = "scipy-1.9.3-cp310-cp310-macosx_12_0_arm64.whl", hash = "sha256:83b89e9586c62e787f5012e8475fbb12185bafb996a03257e9675cd73d3736dd"},
    {file = "scipy-1.9.3-cp310-cp310-manylinux_2_17_aarch64.manylinux2014_aarch64.whl", hash = "sha256:1a72d885fa44247f92743fc20732ae55564ff2a519e8302fb7e18717c5355a8b"},
    {file = "scipy-1.9.3-cp310-cp310-manylinux_2_17_x86_64.manylinux2014_x86_64.whl", hash = "sha256:d01e1dd7b15bd2449c8bfc6b7cc67d630700ed655654f0dfcf121600bad205c9"},
    {file = "scipy-1.9.3-cp310-cp310-win_amd64.whl", hash = "sha256:68239b6aa6f9c593da8be1509a05cb7f9efe98b80f43a5861cd24c7557e98523"},
    {file = "scipy-1.9.3-cp311-cp311-macosx_10_9_x86_64.whl", hash = "sha256:b41bc822679ad1c9a5f023bc93f6d0543129ca0f37c1ce294dd9d386f0a21096"},
    {file = "scipy-1.9.3-cp311-cp311-macosx_12_0_arm64.whl", hash = "sha256:90453d2b93ea82a9f434e4e1cba043e779ff67b92f7a0e85d05d286a3625df3c"},
    {file = "scipy-1.9.3-cp311-cp311-manylinux_2_17_aarch64.manylinux2014_aarch64.whl", hash = "sha256:83c06e62a390a9167da60bedd4575a14c1f58ca9dfde59830fc42e5197283dab"},
    {file = "scipy-1.9.3-cp311-cp311-manylinux_2_17_x86_64.manylinux2014_x86_64.whl", hash = "sha256:abaf921531b5aeaafced90157db505e10345e45038c39e5d9b6c7922d68085cb"},
    {file = "scipy-1.9.3-cp311-cp311-win_amd64.whl", hash = "sha256:06d2e1b4c491dc7d8eacea139a1b0b295f74e1a1a0f704c375028f8320d16e31"},
    {file = "scipy-1.9.3-cp38-cp38-macosx_10_9_x86_64.whl", hash = "sha256:5a04cd7d0d3eff6ea4719371cbc44df31411862b9646db617c99718ff68d4840"},
    {file = "scipy-1.9.3-cp38-cp38-macosx_12_0_arm64.whl", hash = "sha256:545c83ffb518094d8c9d83cce216c0c32f8c04aaf28b92cc8283eda0685162d5"},
    {file = "scipy-1.9.3-cp38-cp38-manylinux_2_17_aarch64.manylinux2014_aarch64.whl", hash = "sha256:0d54222d7a3ba6022fdf5773931b5d7c56efe41ede7f7128c7b1637700409108"},
    {file = "scipy-1.9.3-cp38-cp38-manylinux_2_17_x86_64.manylinux2014_x86_64.whl", hash = "sha256:cff3a5295234037e39500d35316a4c5794739433528310e117b8a9a0c76d20fc"},
    {file = "scipy-1.9.3-cp38-cp38-win_amd64.whl", hash = "sha256:2318bef588acc7a574f5bfdff9c172d0b1bf2c8143d9582e05f878e580a3781e"},
    {file = "scipy-1.9.3-cp39-cp39-macosx_10_9_x86_64.whl", hash = "sha256:d644a64e174c16cb4b2e41dfea6af722053e83d066da7343f333a54dae9bc31c"},
    {file = "scipy-1.9.3-cp39-cp39-macosx_12_0_arm64.whl", hash = "sha256:da8245491d73ed0a994ed9c2e380fd058ce2fa8a18da204681f2fe1f57f98f95"},
    {file = "scipy-1.9.3-cp39-cp39-manylinux_2_17_aarch64.manylinux2014_aarch64.whl", hash = "sha256:4db5b30849606a95dcf519763dd3ab6fe9bd91df49eba517359e450a7d80ce2e"},
    {file = "scipy-1.9.3-cp39-cp39-manylinux_2_17_x86_64.manylinux2014_x86_64.whl", hash = "sha256:c68db6b290cbd4049012990d7fe71a2abd9ffbe82c0056ebe0f01df8be5436b0"},
    {file = "scipy-1.9.3-cp39-cp39-win_amd64.whl", hash = "sha256:5b88e6d91ad9d59478fafe92a7c757d00c59e3bdc3331be8ada76a4f8d683f58"},
    {file = "scipy-1.9.3.tar.gz", hash = "sha256:fbc5c05c85c1a02be77b1ff591087c83bc44579c6d2bd9fb798bb64ea5e1a027"},
]
six = [
    {file = "six-1.16.0-py2.py3-none-any.whl", hash = "sha256:8abb2f1d86890a2dfb989f9a77cfcfd3e47c2a354b01111771326f8aa26e0254"},
    {file = "six-1.16.0.tar.gz", hash = "sha256:1e61c37477a1626458e36f7b1d82aa5c9b094fa4802892072e49de9c60c4c926"},
]
toml = [
    {file = "toml-0.10.2-py2.py3-none-any.whl", hash = "sha256:806143ae5bfb6a3c6e736a764057db0e6a0e05e338b5630894a5f779cabb4f9b"},
    {file = "toml-0.10.2.tar.gz", hash = "sha256:b3bda1d108d5dd99f4a20d24d9c348e91c4db7ab1b749200bded2f839ccbe68f"},
]
win32-setctime = [
    {file = "win32_setctime-1.1.0-py3-none-any.whl", hash = "sha256:231db239e959c2fe7eb1d7dc129f11172354f98361c4fa2d6d2d7e278baa8aad"},
    {file = "win32_setctime-1.1.0.tar.gz", hash = "sha256:15cf5750465118d6929ae4de4eb46e8edae9a5634350c01ba582df868e932cb2"},
]
